
Microsoft Visual Studio Solution File, Format Version 12.00
# Visual Studio Version 17
VisualStudioVersion = 17.14.36408.4
MinimumVisualStudioVersion = 10.0.40219.1
Project("{FAE04EC0-301F-11D3-BF4B-00C04F79EFBC}") = "IFSPStore.Domain", "IFSPStore.Domain\IFSPStore.Domain.csproj", "{57D1E5EB-1A93-4C08-B2FD-60B174B677D4}"
EndProject
Project("{FAE04EC0-301F-11D3-BF4B-00C04F79EFBC}") = "IFSPStore.Repository", "IFSPStore.Repository\IFSPStore.Repository.csproj", "{C3EE8C22-E57A-4931-8C00-F6EC2179530A}"
EndProject
Project("{FAE04EC0-301F-11D3-BF4B-00C04F79EFBC}") = "IFSPStore.Test", "IFSPStore.Test\IFSPStore.Test.csproj", "{043491BC-DEED-438B-9984-FEF9A79DC890}"
	ProjectSection(ProjectDependencies) = postProject
		{D7AD2035-F229-48C2-A053-FE2FF9D764E3} = {D7AD2035-F229-48C2-A053-FE2FF9D764E3}
	EndProjectSection
EndProject
Project("{FAE04EC0-301F-11D3-BF4B-00C04F79EFBC}") = "IFSPStore.Service", "IFSPStore.Service\IFSPStore.Service.csproj", "{D7AD2035-F229-48C2-A053-FE2FF9D764E3}"
EndProject
Project("{FAE04EC0-301F-11D3-BF4B-00C04F79EFBC}") = "IFSPStore.App", "IFSPStore.App\IFSPStore.App.csproj", "{1E337E3C-6C06-4B8D-B17B-DFB24522098B}"
EndProject
Global
	GlobalSection(SolutionConfigurationPlatforms) = preSolution
		Debug|Any CPU = Debug|Any CPU
		Release|Any CPU = Release|Any CPU
	EndGlobalSection
	GlobalSection(ProjectConfigurationPlatforms) = postSolution
		{57D1E5EB-1A93-4C08-B2FD-60B174B677D4}.Debug|Any CPU.ActiveCfg = Debug|Any CPU
		{57D1E5EB-1A93-4C08-B2FD-60B174B677D4}.Debug|Any CPU.Build.0 = Debug|Any CPU
		{57D1E5EB-1A93-4C08-B2FD-60B174B677D4}.Release|Any CPU.ActiveCfg = Release|Any CPU
		{57D1E5EB-1A93-4C08-B2FD-60B174B677D4}.Release|Any CPU.Build.0 = Release|Any CPU
		{C3EE8C22-E57A-4931-8C00-F6EC2179530A}.Debug|Any CPU.ActiveCfg = Debug|Any CPU
		{C3EE8C22-E57A-4931-8C00-F6EC2179530A}.Debug|Any CPU.Build.0 = Debug|Any CPU
		{C3EE8C22-E57A-4931-8C00-F6EC2179530A}.Release|Any CPU.ActiveCfg = Release|Any CPU
		{C3EE8C22-E57A-4931-8C00-F6EC2179530A}.Release|Any CPU.Build.0 = Release|Any CPU
		{043491BC-DEED-438B-9984-FEF9A79DC890}.Debug|Any CPU.ActiveCfg = Debug|Any CPU
		{043491BC-DEED-438B-9984-FEF9A79DC890}.Debug|Any CPU.Build.0 = Debug|Any CPU
		{043491BC-DEED-438B-9984-FEF9A79DC890}.Release|Any CPU.ActiveCfg = Release|Any CPU
		{043491BC-DEED-438B-9984-FEF9A79DC890}.Release|Any CPU.Build.0 = Release|Any CPU
		{D7AD2035-F229-48C2-A053-FE2FF9D764E3}.Debug|Any CPU.ActiveCfg = Debug|Any CPU
		{D7AD2035-F229-48C2-A053-FE2FF9D764E3}.Debug|Any CPU.Build.0 = Debug|Any CPU
		{D7AD2035-F229-48C2-A053-FE2FF9D764E3}.Release|Any CPU.ActiveCfg = Release|Any CPU
		{D7AD2035-F229-48C2-A053-FE2FF9D764E3}.Release|Any CPU.Build.0 = Release|Any CPU
		{1E337E3C-6C06-4B8D-B17B-DFB24522098B}.Debug|Any CPU.ActiveCfg = Debug|Any CPU
		{1E337E3C-6C06-4B8D-B17B-DFB24522098B}.Debug|Any CPU.Build.0 = Debug|Any CPU
		{1E337E3C-6C06-4B8D-B17B-DFB24522098B}.Release|Any CPU.ActiveCfg = Release|Any CPU
		{1E337E3C-6C06-4B8D-B17B-DFB24522098B}.Release|Any CPU.Build.0 = Release|Any CPU
	EndGlobalSection
	GlobalSection(SolutionProperties) = preSolution
		HideSolutionNode = FALSE
	EndGlobalSection
	GlobalSection(ExtensibilityGlobals) = postSolution
		SolutionGuid = {8206BF88-065B-497E-A388-064CAE6FE82B}
	EndGlobalSection
EndGlobal
